
Microsoft Visual Studio Solution File, Format Version 12.00
# Visual Studio Version 17
VisualStudioVersion = 17.0.32014.148
MinimumVisualStudioVersion = 10.0.40219.1
Project("{9A19103F-16F7-4668-BE54-9A1E7A4F7556}") = "Vodafone API Tests", "Vodafone API Tests\Vodafone API Tests.csproj", "{24A7891A-7E33-48A2-A945-03478F9BBBCD}"
EndProject
Project("{9A19103F-16F7-4668-BE54-9A1E7A4F7556}") = "Vodafone API", "Vodafone API\Vodafone API.csproj", "{A4CB2FCC-D638-41D1-AE5E-32005639A95E}"
EndProject
Global
	GlobalSection(SolutionConfigurationPlatforms) = preSolution
		Debug|Any CPU = Debug|Any CPU
		Release|Any CPU = Release|Any CPU
	EndGlobalSection
	GlobalSection(ProjectConfigurationPlatforms) = postSolution
		{24A7891A-7E33-48A2-A945-03478F9BBBCD}.Debug|Any CPU.ActiveCfg = Debug|Any CPU
		{24A7891A-7E33-48A2-A945-03478F9BBBCD}.Debug|Any CPU.Build.0 = Debug|Any CPU
		{24A7891A-7E33-48A2-A945-03478F9BBBCD}.Release|Any CPU.ActiveCfg = Release|Any CPU
		{24A7891A-7E33-48A2-A945-03478F9BBBCD}.Release|Any CPU.Build.0 = Release|Any CPU
		{A4CB2FCC-D638-41D1-AE5E-32005639A95E}.Debug|Any CPU.ActiveCfg = Debug|Any CPU
		{A4CB2FCC-D638-41D1-AE5E-32005639A95E}.Debug|Any CPU.Build.0 = Debug|Any CPU
		{A4CB2FCC-D638-41D1-AE5E-32005639A95E}.Release|Any CPU.ActiveCfg = Release|Any CPU
		{A4CB2FCC-D638-41D1-AE5E-32005639A95E}.Release|Any CPU.Build.0 = Release|Any CPU
	EndGlobalSection
	GlobalSection(SolutionProperties) = preSolution
		HideSolutionNode = FALSE
	EndGlobalSection
	GlobalSection(ExtensibilityGlobals) = postSolution
		SolutionGuid = {E16AF108-2874-4A07-A483-197F1022DD00}
	EndGlobalSection
EndGlobal
